
Microsoft Visual Studio Solution File, Format Version 12.00
# Visual Studio 2013
VisualStudioVersion = 12.0.20617.1 PREVIEW
MinimumVisualStudioVersion = 10.0.40219.1
Project("{FAE04EC0-301F-11D3-BF4B-00C04F79EFBC}") = "ChakraHost", "ChakraHost.csproj", "{D672BC49-C454-4975-BD25-A555B9BDD793}"
EndProject
Global
	GlobalSection(SolutionConfigurationPlatforms) = preSolution
		Debug|Any CPU = Debug|Any CPU
		Release|Any CPU = Release|Any CPU
	EndGlobalSection
	GlobalSection(ProjectConfigurationPlatforms) = postSolution
		{D672BC49-C454-4975-BD25-A555B9BDD793}.Debug|Any CPU.ActiveCfg = Debug|Any CPU
		{D672BC49-C454-4975-BD25-A555B9BDD793}.Debug|Any CPU.Build.0 = Debug|Any CPU
		{D672BC49-C454-4975-BD25-A555B9BDD793}.Release|Any CPU.ActiveCfg = Release|Any CPU
		{D672BC49-C454-4975-BD25-A555B9BDD793}.Release|Any CPU.Build.0 = Release|Any CPU
	EndGlobalSection
	GlobalSection(SolutionProperties) = preSolution
		HideSolutionNode = FALSE
	EndGlobalSection
EndGlobal
